// !$*UTF8*$!
{
	archiveVersion = 1;
	classes = {
	};
	objectVersion = 51;
	objects = {

/* Begin PBXBuildFile section */
		5C4DB516242A647300DE4F40 /* anaSayfaVC.swift in Sources */ = {isa = PBXBuildFile; fileRef = 5C4DB515242A647300DE4F40 /* anaSayfaVC.swift */; };
		5C4DB518242A648200DE4F40 /* paylasVC.swift in Sources */ = {isa = PBXBuildFile; fileRef = 5C4DB517242A648200DE4F40 /* paylasVC.swift */; };
		5C4DB51A242A649700DE4F40 /* AyarlarVC.swift in Sources */ = {isa = PBXBuildFile; fileRef = 5C4DB519242A649700DE4F40 /* AyarlarVC.swift */; };
		5C58AF01243A34640022AA96 /* GoogleService-Info.plist in Resources */ = {isa = PBXBuildFile; fileRef = 5C58AF00243A34640022AA96 /* GoogleService-Info.plist */; };
		5C5DA5F4243208A400C10243 /* anaSayfaCell.swift in Sources */ = {isa = PBXBuildFile; fileRef = 5C5DA5F3243208A400C10243 /* anaSayfaCell.swift */; };
		5C9EA905242A580F006BE4A5 /* AppDelegate.swift in Sources */ = {isa = PBXBuildFile; fileRef = 5C9EA904242A580F006BE4A5 /* AppDelegate.swift */; };
		5C9EA907242A580F006BE4A5 /* SceneDelegate.swift in Sources */ = {isa = PBXBuildFile; fileRef = 5C9EA906242A580F006BE4A5 /* SceneDelegate.swift */; };
		5C9EA909242A580F006BE4A5 /* ViewController.swift in Sources */ = {isa = PBXBuildFile; fileRef = 5C9EA908242A580F006BE4A5 /* ViewController.swift */; };
		5C9EA90C242A5810006BE4A5 /* Main.storyboard in Resources */ = {isa = PBXBuildFile; fileRef = 5C9EA90A242A5810006BE4A5 /* Main.storyboard */; };
		5C9EA90E242A5810006BE4A5 /* Assets.xcassets in Resources */ = {isa = PBXBuildFile; fileRef = 5C9EA90D242A5810006BE4A5 /* Assets.xcassets */; };
		5C9EA911242A5810006BE4A5 /* LaunchScreen.storyboard in Resources */ = {isa = PBXBuildFile; fileRef = 5C9EA90F242A5810006BE4A5 /* LaunchScreen.storyboard */; };
		CC86AC7D82381B91151799E1 /* Pods_instagramClone.framework in Frameworks */ = {isa = PBXBuildFile; fileRef = D3FC09BBAD657E5C03E6BAFC /* Pods_instagramClone.framework */; };
/* End PBXBuildFile section */

/* Begin PBXFileReference section */
		29A63B1A52C47AC7E0DB8CA0 /* Pods-instagramClone.debug.xcconfig */ = {isa = PBXFileReference; includeInIndex = 1; lastKnownFileType = text.xcconfig; name = "Pods-instagramClone.debug.xcconfig"; path = "Target Support Files/Pods-instagramClone/Pods-instagramClone.debug.xcconfig"; sourceTree = "<group>"; };
		3F7C82127145CEB2981D6C9B /* Pods-instagramClone.release.xcconfig */ = {isa = PBXFileReference; includeInIndex = 1; lastKnownFileType = text.xcconfig; name = "Pods-instagramClone.release.xcconfig"; path = "Target Support Files/Pods-instagramClone/Pods-instagramClone.release.xcconfig"; sourceTree = "<group>"; };
		5C4DB515242A647300DE4F40 /* anaSayfaVC.swift */ = {isa = PBXFileReference; lastKnownFileType = sourcecode.swift; path = anaSayfaVC.swift; sourceTree = "<group>"; };
		5C4DB517242A648200DE4F40 /* paylasVC.swift */ = {isa = PBXFileReference; lastKnownFileType = sourcecode.swift; path = paylasVC.swift; sourceTree = "<group>"; };
		5C4DB519242A649700DE4F40 /* AyarlarVC.swift */ = {isa = PBXFileReference; lastKnownFileType = sourcecode.swift; path = AyarlarVC.swift; sourceTree = "<group>"; };
		5C58AF00243A34640022AA96 /* GoogleService-Info.plist */ = {isa = PBXFileReference; fileEncoding = 4; lastKnownFileType = text.plist.xml; name = "GoogleService-Info.plist"; path = "../../GoogleService-Info.plist"; sourceTree = "<group>"; };
		5C5DA5F3243208A400C10243 /* anaSayfaCell.swift */ = {isa = PBXFileReference; lastKnownFileType = sourcecode.swift; path = anaSayfaCell.swift; sourceTree = "<group>"; };
		5C9EA901242A580F006BE4A5 /* instagramClone.app */ = {isa = PBXFileReference; explicitFileType = wrapper.application; includeInIndex = 0; path = instagramClone.app; sourceTree = BUILT_PRODUCTS_DIR; };
		5C9EA904242A580F006BE4A5 /* AppDelegate.swift */ = {isa = PBXFileReference; lastKnownFileType = sourcecode.swift; path = AppDelegate.swift; sourceTree = "<group>"; };
		5C9EA906242A580F006BE4A5 /* SceneDelegate.swift */ = {isa = PBXFileReference; lastKnownFileType = sourcecode.swift; path = SceneDelegate.swift; sourceTree = "<group>"; };
		5C9EA908242A580F006BE4A5 /* ViewController.swift */ = {isa = PBXFileReference; lastKnownFileType = sourcecode.swift; path = ViewController.swift; sourceTree = "<group>"; };
		5C9EA90B242A5810006BE4A5 /* Base */ = {isa = PBXFileReference; lastKnownFileType = file.storyboard; name = Base; path = Base.lproj/Main.storyboard; sourceTree = "<group>"; };
		5C9EA90D242A5810006BE4A5 /* Assets.xcassets */ = {isa = PBXFileReference; lastKnownFileType = folder.assetcatalog; path = Assets.xcassets; sourceTree = "<group>"; };
		5C9EA910242A5810006BE4A5 /* Base */ = {isa = PBXFileReference; lastKnownFileType = file.storyboard; name = Base; path = Base.lproj/LaunchScreen.storyboard; sourceTree = "<group>"; };
		5C9EA912242A5810006BE4A5 /* Info.plist */ = {isa = PBXFileReference; lastKnownFileType = text.plist.xml; path = Info.plist; sourceTree = "<group>"; };
		D3FC09BBAD657E5C03E6BAFC /* Pods_instagramClone.framework */ = {isa = PBXFileReference; explicitFileType = wrapper.framework; includeInIndex = 0; path = Pods_instagramClone.framework; sourceTree = BUILT_PRODUCTS_DIR; };
/* End PBXFileReference section */

/* Begin PBXFrameworksBuildPhase section */
		5C9EA8FE242A580F006BE4A5 /* Frameworks */ = {
			isa = PBXFrameworksBuildPhase;
			buildActionMask = 2147483647;
			files = (
				CC86AC7D82381B91151799E1 /* Pods_instagramClone.framework in Frameworks */,
			);
			runOnlyForDeploymentPostprocessing = 0;
		};
/* End PBXFrameworksBuildPhase section */

/* Begin PBXGroup section */
		5C9EA8F8242A580F006BE4A5 = {
			isa = PBXGroup;
			children = (
				5C9EA903242A580F006BE4A5 /* instagramClone */,
				5C9EA902242A580F006BE4A5 /* Products */,
				EA849F78F238F49521290424 /* Pods */,
				BE8CD707A6262F1B2957EB60 /* Frameworks */,
			);
			sourceTree = "<group>";
		};
		5C9EA902242A580F006BE4A5 /* Products */ = {
			isa = PBXGroup;
			children = (
				5C9EA901242A580F006BE4A5 /* instagramClone.app */,
			);
			name = Products;
			sourceTree = "<group>";
		};
		5C9EA903242A580F006BE4A5 /* instagramClone */ = {
			isa = PBXGroup;
			children = (
				5C9EA904242A580F006BE4A5 /* AppDelegate.swift */,
				5C9EA906242A580F006BE4A5 /* SceneDelegate.swift */,
				5C9EA908242A580F006BE4A5 /* ViewController.swift */,
				5C4DB515242A647300DE4F40 /* anaSayfaVC.swift */,
				5C5DA5F3243208A400C10243 /* anaSayfaCell.swift */,
				5C4DB517242A648200DE4F40 /* paylasVC.swift */,
				5C4DB519242A649700DE4F40 /* AyarlarVC.swift */,
				5C9EA90A242A5810006BE4A5 /* Main.storyboard */,
				5C9EA90D242A5810006BE4A5 /* Assets.xcassets */,
				5C9EA90F242A5810006BE4A5 /* LaunchScreen.storyboard */,
				5C9EA912242A5810006BE4A5 /* Info.plist */,
				5C58AF00243A34640022AA96 /* GoogleService-Info.plist */,
			);
			path = instagramClone;
			sourceTree = "<group>";
		};
		BE8CD707A6262F1B2957EB60 /* Frameworks */ = {
			isa = PBXGroup;
			children = (
				D3FC09BBAD657E5C03E6BAFC /* Pods_instagramClone.framework */,
			);
			name = Frameworks;
			sourceTree = "<group>";
		};
		EA849F78F238F49521290424 /* Pods */ = {
			isa = PBXGroup;
			children = (
				29A63B1A52C47AC7E0DB8CA0 /* Pods-instagramClone.debug.xcconfig */,
				3F7C82127145CEB2981D6C9B /* Pods-instagramClone.release.xcconfig */,
			);
			path = Pods;
			sourceTree = "<group>";
		};
/* End PBXGroup section */

/* Begin PBXNativeTarget section */
		5C9EA900242A580F006BE4A5 /* instagramClone */ = {
			isa = PBXNativeTarget;
			buildConfigurationList = 5C9EA915242A5810006BE4A5 /* Build configuration list for PBXNativeTarget "instagramClone" */;
			buildPhases = (
				A7841D8AC28880AAC154C705 /* [CP] Check Pods Manifest.lock */,
				5C9EA8FD242A580F006BE4A5 /* Sources */,
				5C9EA8FE242A580F006BE4A5 /* Frameworks */,
				5C9EA8FF242A580F006BE4A5 /* Resources */,
				0E1B26B45720DF989F79C388 /* [CP] Embed Pods Frameworks */,
			);
			buildRules = (
			);
			dependencies = (
			);
			name = instagramClone;
			productName = instagramClone;
			productReference = 5C9EA901242A580F006BE4A5 /* instagramClone.app */;
			productType = "com.apple.product-type.application";
		};
/* End PBXNativeTarget section */

/* Begin PBXProject section */
		5C9EA8F9242A580F006BE4A5 /* Project object */ = {
			isa = PBXProject;
			attributes = {
				LastSwiftUpdateCheck = 1130;
				LastUpgradeCheck = 1130;
				ORGANIZATIONNAME = "Yusuf ARİTÜRK";
				TargetAttributes = {
					5C9EA900242A580F006BE4A5 = {
						CreatedOnToolsVersion = 11.3.1;
					};
				};
			};
			buildConfigurationList = 5C9EA8FC242A580F006BE4A5 /* Build configuration list for PBXProject "instagramClone" */;
			compatibilityVersion = "Xcode 9.3";
			developmentRegion = en;
			hasScannedForEncodings = 0;
			knownRegions = (
				en,
				Base,
			);
			mainGroup = 5C9EA8F8242A580F006BE4A5;
			productRefGroup = 5C9EA902242A580F006BE4A5 /* Products */;
			projectDirPath = "";
			projectRoot = "";
			targets = (
				5C9EA900242A580F006BE4A5 /* instagramClone */,
			);
		};
/* End PBXProject section */

/* Begin PBXResourcesBuildPhase section */
		5C9EA8FF242A580F006BE4A5 /* Resources */ = {
			isa = PBXResourcesBuildPhase;
			buildActionMask = 2147483647;
			files = (
				5C9EA911242A5810006BE4A5 /* LaunchScreen.storyboard in Resources */,
				5C58AF01243A34640022AA96 /* GoogleService-Info.plist in Resources */,
				5C9EA90E242A5810006BE4A5 /* Assets.xcassets in Resources */,
				5C9EA90C242A5810006BE4A5 /* Main.storyboard in Resources */,
			);
			runOnlyForDeploymentPostprocessing = 0;
		};
/* End PBXResourcesBuildPhase section */

/* Begin PBXShellScriptBuildPhase section */
		0E1B26B45720DF989F79C388 /* [CP] Embed Pods Frameworks */ = {
			isa = PBXShellScriptBuildPhase;
			buildActionMask = 2147483647;
			files = (
			);
			inputFileListPaths = (
				"${PODS_ROOT}/Target Support Files/Pods-instagramClone/Pods-instagramClone-frameworks-${CONFIGURATION}-input-files.xcfilelist",
			);
			name = "[CP] Embed Pods Frameworks";
			outputFileListPaths = (
				"${PODS_ROOT}/Target Support Files/Pods-instagramClone/Pods-instagramClone-frameworks-${CONFIGURATION}-output-files.xcfilelist",
			);
			runOnlyForDeploymentPostprocessing = 0;
			shellPath = /bin/sh;
			shellScript = "\"${PODS_ROOT}/Target Support Files/Pods-instagramClone/Pods-instagramClone-frameworks.sh\"\n";
			showEnvVarsInLog = 0;
		};
		A7841D8AC28880AAC154C705 /* [CP] Check Pods Manifest.lock */ = {
			isa = PBXShellScriptBuildPhase;
			buildActionMask = 2147483647;
			files = (
			);
			inputFileListPaths = (
			);
			inputPaths = (
				"${PODS_PODFILE_DIR_PATH}/Podfile.lock",
				"${PODS_ROOT}/Manifest.lock",
			);
			name = "[CP] Check Pods Manifest.lock";
			outputFileListPaths = (
			);
			outputPaths = (
				"$(DERIVED_FILE_DIR)/Pods-instagramClone-checkManifestLockResult.txt",
			);
			runOnlyForDeploymentPostprocessing = 0;
			shellPath = /bin/sh;
			shellScript = "diff \"${PODS_PODFILE_DIR_PATH}/Podfile.lock\" \"${PODS_ROOT}/Manifest.lock\" > /dev/null\nif [ $? != 0 ] ; then\n    # print error to STDERR\n    echo \"error: The sandbox is not in sync with the Podfile.lock. Run 'pod install' or update your CocoaPods installation.\" >&2\n    exit 1\nfi\n# This output is used by Xcode 'outputs' to avoid re-running this script phase.\necho \"SUCCESS\" > \"${SCRIPT_OUTPUT_FILE_0}\"\n";
			showEnvVarsInLog = 0;
		};
/* End PBXShellScriptBuildPhase section */

/* Begin PBXSourcesBuildPhase section */
		5C9EA8FD242A580F006BE4A5 /* Sources */ = {
			isa = PBXSourcesBuildPhase;
			buildActionMask = 2147483647;
			files = (
				5C4DB518242A648200DE4F40 /* paylasVC.swift in Sources */,
				5C4DB516242A647300DE4F40 /* anaSayfaVC.swift in Sources */,
				5C9EA909242A580F006BE4A5 /* ViewController.swift in Sources */,
				5C9EA905242A580F006BE4A5 /* AppDelegate.swift in Sources */,
				5C9EA907242A580F006BE4A5 /* SceneDelegate.swift in Sources */,
				5C5DA5F4243208A400C10243 /* anaSayfaCell.swift in Sources */,
				5C4DB51A242A649700DE4F40 /* AyarlarVC.swift in Sources */,
			);
			runOnlyForDeploymentPostprocessing = 0;
		};
/* End PBXSourcesBuildPhase section */

/* Begin PBXVariantGroup section */
		5C9EA90A242A5810006BE4A5 /* Main.storyboard */ = {
			isa = PBXVariantGroup;
			children = (
				5C9EA90B242A5810006BE4A5 /* Base */,
			);
			name = Main.storyboard;
			sourceTree = "<group>";
		};
		5C9EA90F242A5810006BE4A5 /* LaunchScreen.storyboard */ = {
			isa = PBXVariantGroup;
			children = (
				5C9EA910242A5810006BE4A5 /* Base */,
			);
			name = LaunchScreen.storyboard;
			sourceTree = "<group>";
		};
/* End PBXVariantGroup section */

/* Begin XCBuildConfiguration section */
		5C9EA913242A5810006BE4A5 /* Debug */ = {
			isa = XCBuildConfiguration;
			buildSettings = {
				ALWAYS_SEARCH_USER_PATHS = NO;
				CLANG_ANALYZER_NONNULL = YES;
				CLANG_ANALYZER_NUMBER_OBJECT_CONVERSION = YES_AGGRESSIVE;
				CLANG_CXX_LANGUAGE_STANDARD = "gnu++14";
				CLANG_CXX_LIBRARY = "libc++";
				CLANG_ENABLE_MODULES = YES;
				CLANG_ENABLE_OBJC_ARC = YES;
				CLANG_ENABLE_OBJC_WEAK = YES;
				CLANG_WARN_BLOCK_CAPTURE_AUTORELEASING = YES;
				CLANG_WARN_BOOL_CONVERSION = YES;
				CLANG_WARN_COMMA = YES;
				CLANG_WARN_CONSTANT_CONVERSION = YES;
				CLANG_WARN_DEPRECATED_OBJC_IMPLEMENTATIONS = YES;
				CLANG_WARN_DIRECT_OBJC_ISA_USAGE = YES_ERROR;
				CLANG_WARN_DOCUMENTATION_COMMENTS = YES;
				CLANG_WARN_EMPTY_BODY = YES;
				CLANG_WARN_ENUM_CONVERSION = YES;
				CLANG_WARN_INFINITE_RECURSION = YES;
				CLANG_WARN_INT_CONVERSION = YES;
				CLANG_WARN_NON_LITERAL_NULL_CONVERSION = YES;
				CLANG_WARN_OBJC_IMPLICIT_RETAIN_SELF = YES;
				CLANG_WARN_OBJC_LITERAL_CONVERSION = YES;
				CLANG_WARN_OBJC_ROOT_CLASS = YES_ERROR;
				CLANG_WARN_RANGE_LOOP_ANALYSIS = YES;
				CLANG_WARN_STRICT_PROTOTYPES = YES;
				CLANG_WARN_SUSPICIOUS_MOVE = YES;
				CLANG_WARN_UNGUARDED_AVAILABILITY = YES_AGGRESSIVE;
				CLANG_WARN_UNREACHABLE_CODE = YES;
				CLANG_WARN__DUPLICATE_METHOD_MATCH = YES;
				COPY_PHASE_STRIP = NO;
				DEBUG_INFORMATION_FORMAT = dwarf;
				ENABLE_STRICT_OBJC_MSGSEND = YES;
				ENABLE_TESTABILITY = YES;
				GCC_C_LANGUAGE_STANDARD = gnu11;
				GCC_DYNAMIC_NO_PIC = NO;
				GCC_NO_COMMON_BLOCKS = YES;
				GCC_OPTIMIZATION_LEVEL = 0;
				GCC_PREPROCESSOR_DEFINITIONS = (
					"DEBUG=1",
					"$(inherited)",
				);
				GCC_WARN_64_TO_32_BIT_CONVERSION = YES;
				GCC_WARN_ABOUT_RETURN_TYPE = YES_ERROR;
				GCC_WARN_UNDECLARED_SELECTOR = YES;
				GCC_WARN_UNINITIALIZED_AUTOS = YES_AGGRESSIVE;
				GCC_WARN_UNUSED_FUNCTION = YES;
				GCC_WARN_UNUSED_VARIABLE = YES;
				IPHONEOS_DEPLOYMENT_TARGET = 13.2;
				MTL_ENABLE_DEBUG_INFO = INCLUDE_SOURCE;
				MTL_FAST_MATH = YES;
				ONLY_ACTIVE_ARCH = YES;
				SDKROOT = iphoneos;
				SWIFT_ACTIVE_COMPILATION_CONDITIONS = DEBUG;
				SWIFT_OPTIMIZATION_LEVEL = "-Onone";
			};
			name = Debug;
		};
		5C9EA914242A5810006BE4A5 /* Release */ = {
			isa = XCBuildConfiguration;
			buildSettings = {
				ALWAYS_SEARCH_USER_PATHS = NO;
				CLANG_ANALYZER_NONNULL = YES;
				CLANG_ANALYZER_NUMBER_OBJECT_CONVERSION = YES_AGGRESSIVE;
				CLANG_CXX_LANGUAGE_STANDARD = "gnu++14";
				CLANG_CXX_LIBRARY = "libc++";
				CLANG_ENABLE_MODULES = YES;
				CLANG_ENABLE_OBJC_ARC = YES;
				CLANG_ENABLE_OBJC_WEAK = YES;
				CLANG_WARN_BLOCK_CAPTURE_AUTORELEASING = YES;
				CLANG_WARN_BOOL_CONVERSION = YES;
				CLANG_WARN_COMMA = YES;
				CLANG_WARN_CONSTANT_CONVERSION = YES;
				CLANG_WARN_DEPRECATED_OBJC_IMPLEMENTATIONS = YES;
				CLANG_WARN_DIRECT_OBJC_ISA_USAGE = YES_ERROR;
				CLANG_WARN_DOCUMENTATION_COMMENTS = YES;
				CLANG_WARN_EMPTY_BODY = YES;
				CLANG_WARN_ENUM_CONVERSION = YES;
				CLANG_WARN_INFINITE_RECURSION = YES;
				CLANG_WARN_INT_CONVERSION = YES;
				CLANG_WARN_NON_LITERAL_NULL_CONVERSION = YES;
				CLANG_WARN_OBJC_IMPLICIT_RETAIN_SELF = YES;
				CLANG_WARN_OBJC_LITERAL_CONVERSION = YES;
				CLANG_WARN_OBJC_ROOT_CLASS = YES_ERROR;
				CLANG_WARN_RANGE_LOOP_ANALYSIS = YES;
				CLANG_WARN_STRICT_PROTOTYPES = YES;
				CLANG_WARN_SUSPICIOUS_MOVE = YES;
				CLANG_WARN_UNGUARDED_AVAILABILITY = YES_AGGRESSIVE;
				CLANG_WARN_UNREACHABLE_CODE = YES;
				CLANG_WARN__DUPLICATE_METHOD_MATCH = YES;
				COPY_PHASE_STRIP = NO;
				DEBUG_INFORMATION_FORMAT = "dwarf-with-dsym";
				ENABLE_NS_ASSERTIONS = NO;
				ENABLE_STRICT_OBJC_MSGSEND = YES;
				GCC_C_LANGUAGE_STANDARD = gnu11;
				GCC_NO_COMMON_BLOCKS = YES;
				GCC_WARN_64_TO_32_BIT_CONVERSION = YES;
				GCC_WARN_ABOUT_RETURN_TYPE = YES_ERROR;
				GCC_WARN_UNDECLARED_SELECTOR = YES;
				GCC_WARN_UNINITIALIZED_AUTOS = YES_AGGRESSIVE;
				GCC_WARN_UNUSED_FUNCTION = YES;
				GCC_WARN_UNUSED_VARIABLE = YES;
				IPHONEOS_DEPLOYMENT_TARGET = 13.2;
				MTL_ENABLE_DEBUG_INFO = NO;
				MTL_FAST_MATH = YES;
				SDKROOT = iphoneos;
				SWIFT_COMPILATION_MODE = wholemodule;
				SWIFT_OPTIMIZATION_LEVEL = "-O";
				VALIDATE_PRODUCT = YES;
			};
			name = Release;
		};
		5C9EA916242A5810006BE4A5 /* Debug */ = {
			isa = XCBuildConfiguration;
			baseConfigurationReference = 29A63B1A52C47AC7E0DB8CA0 /* Pods-instagramClone.debug.xcconfig */;
			buildSettings = {
				ASSETCATALOG_COMPILER_APPICON_NAME = AppIcon;
				CODE_SIGN_STYLE = Automatic;
				DEVELOPMENT_TEAM = VV8AJ257AV;
				INFOPLIST_FILE = instagramClone/Info.plist;
				LD_RUNPATH_SEARCH_PATHS = (
					"$(inherited)",
					"@executable_path/Frameworks",
				);
				PRODUCT_BUNDLE_IDENTIFIER = udemy.instagramClone;
				PRODUCT_NAME = "$(TARGET_NAME)";
				SWIFT_VERSION = 5.0;
				TARGETED_DEVICE_FAMILY = "1,2";
			};
			name = Debug;
		};
		5C9EA917242A5810006BE4A5 /* Release */ = {
			isa = XCBuildConfiguration;
			baseConfigurationReference = 3F7C82127145CEB2981D6C9B /* Pods-instagramClone.release.xcconfig */;
			buildSettings = {
				ASSETCATALOG_COMPILER_APPICON_NAME = AppIcon;
				CODE_SIGN_STYLE = Automatic;
				DEVELOPMENT_TEAM = VV8AJ257AV;
				INFOPLIST_FILE = instagramClone/Info.plist;
				LD_RUNPATH_SEARCH_PATHS = (
					"$(inherited)",
					"@executable_path/Frameworks",
				);
				PRODUCT_BUNDLE_IDENTIFIER = udemy.instagramClone;
				PRODUCT_NAME = "$(TARGET_NAME)";
				SWIFT_VERSION = 5.0;
				TARGETED_DEVICE_FAMILY = "1,2";
			};
			name = Release;
		};
/* End XCBuildConfiguration section */

/* Begin XCConfigurationList section */
		5C9EA8FC242A580F006BE4A5 /* Build configuration list for PBXProject "instagramClone" */ = {
			isa = XCConfigurationList;
			buildConfigurations = (
				5C9EA913242A5810006BE4A5 /* Debug */,
				5C9EA914242A5810006BE4A5 /* Release */,
			);
			defaultConfigurationIsVisible = 0;
			defaultConfigurationName = Release;
		};
		5C9EA915242A5810006BE4A5 /* Build configuration list for PBXNativeTarget "instagramClone" */ = {
			isa = XCConfigurationList;
			buildConfigurations = (
				5C9EA916242A5810006BE4A5 /* Debug */,
				5C9EA917242A5810006BE4A5 /* Release */,
			);
			defaultConfigurationIsVisible = 0;
			defaultConfigurationName = Release;
		};
/* End XCConfigurationList section */
	};
	rootObject = 5C9EA8F9242A580F006BE4A5 /* Project object */;
}
